
Microsoft Visual Studio Solution File, Format Version 12.00
# Visual Studio Version 17
VisualStudioVersion = 17.14.36414.22 d17.14
MinimumVisualStudioVersion = 10.0.40219.1
Project("{8BC9CEB8-8B4A-11D0-8D11-00A0C91BC942}") = "lecture08", "lecture08.vcxproj", "{51FF9F94-1915-468B-8657-9BBAEB71138C}"
EndProject
Global
	GlobalSection(SolutionConfigurationPlatforms) = preSolution
		Debug|x64 = Debug|x64
		Debug|x86 = Debug|x86
		DebugMT|x64 = DebugMT|x64
		DebugMT|x86 = DebugMT|x86
		Release|x64 = Release|x64
		Release|x86 = Release|x86
		ReleaseMT|x64 = ReleaseMT|x64
		ReleaseMT|x86 = ReleaseMT|x86
	EndGlobalSection
	GlobalSection(ProjectConfigurationPlatforms) = postSolution
		{51FF9F94-1915-468B-8657-9BBAEB71138C}.Debug|x64.ActiveCfg = Debug|x64
		{51FF9F94-1915-468B-8657-9BBAEB71138C}.Debug|x64.Build.0 = Debug|x64
		{51FF9F94-1915-468B-8657-9BBAEB71138C}.Debug|x86.ActiveCfg = Debug|Win32
		{51FF9F94-1915-468B-8657-9BBAEB71138C}.Debug|x86.Build.0 = Debug|Win32
		{51FF9F94-1915-468B-8657-9BBAEB71138C}.DebugMT|x64.ActiveCfg = DebugMT|x64
		{51FF9F94-1915-468B-8657-9BBAEB71138C}.DebugMT|x64.Build.0 = DebugMT|x64
		{51FF9F94-1915-468B-8657-9BBAEB71138C}.DebugMT|x86.ActiveCfg = DebugMT|Win32
		{51FF9F94-1915-468B-8657-9BBAEB71138C}.DebugMT|x86.Build.0 = DebugMT|Win32
		{51FF9F94-1915-468B-8657-9BBAEB71138C}.Release|x64.ActiveCfg = Release|x64
		{51FF9F94-1915-468B-8657-9BBAEB71138C}.Release|x64.Build.0 = Release|x64
		{51FF9F94-1915-468B-8657-9BBAEB71138C}.Release|x86.ActiveCfg = Release|Win32
		{51FF9F94-1915-468B-8657-9BBAEB71138C}.Release|x86.Build.0 = Release|Win32
		{51FF9F94-1915-468B-8657-9BBAEB71138C}.ReleaseMT|x64.ActiveCfg = ReleaseMT|x64
		{51FF9F94-1915-468B-8657-9BBAEB71138C}.ReleaseMT|x64.Build.0 = ReleaseMT|x64
		{51FF9F94-1915-468B-8657-9BBAEB71138C}.ReleaseMT|x86.ActiveCfg = ReleaseMT|Win32
		{51FF9F94-1915-468B-8657-9BBAEB71138C}.ReleaseMT|x86.Build.0 = ReleaseMT|Win32
	EndGlobalSection
	GlobalSection(SolutionProperties) = preSolution
		HideSolutionNode = FALSE
	EndGlobalSection
	GlobalSection(ExtensibilityGlobals) = postSolution
		SolutionGuid = {4E630BFE-25B8-4387-9D45-7F68AB6DF4BC}
	EndGlobalSection
EndGlobal
