
Microsoft Visual Studio Solution File, Format Version 12.00
# Visual Studio Version 17
VisualStudioVersion = 17.14.36401.2 d17.14
MinimumVisualStudioVersion = 10.0.40219.1
Project("{8BC9CEB8-8B4A-11D0-8D11-00A0C91BC942}") = "lecture06", "lecture06.vcxproj", "{24381DDE-0EC5-41D5-9F1A-667ECDC9C357}"
EndProject
Global
	GlobalSection(SolutionConfigurationPlatforms) = preSolution
		Debug|x64 = Debug|x64
		Debug|x86 = Debug|x86
		DebugMT|x64 = DebugMT|x64
		DebugMT|x86 = DebugMT|x86
		Release|x64 = Release|x64
		Release|x86 = Release|x86
		ReleaseMT|x64 = ReleaseMT|x64
		ReleaseMT|x86 = ReleaseMT|x86
	EndGlobalSection
	GlobalSection(ProjectConfigurationPlatforms) = postSolution
		{24381DDE-0EC5-41D5-9F1A-667ECDC9C357}.Debug|x64.ActiveCfg = Debug|x64
		{24381DDE-0EC5-41D5-9F1A-667ECDC9C357}.Debug|x64.Build.0 = Debug|x64
		{24381DDE-0EC5-41D5-9F1A-667ECDC9C357}.Debug|x86.ActiveCfg = Debug|Win32
		{24381DDE-0EC5-41D5-9F1A-667ECDC9C357}.Debug|x86.Build.0 = Debug|Win32
		{24381DDE-0EC5-41D5-9F1A-667ECDC9C357}.DebugMT|x64.ActiveCfg = DebugMT|x64
		{24381DDE-0EC5-41D5-9F1A-667ECDC9C357}.DebugMT|x64.Build.0 = DebugMT|x64
		{24381DDE-0EC5-41D5-9F1A-667ECDC9C357}.DebugMT|x86.ActiveCfg = DebugMT|Win32
		{24381DDE-0EC5-41D5-9F1A-667ECDC9C357}.DebugMT|x86.Build.0 = DebugMT|Win32
		{24381DDE-0EC5-41D5-9F1A-667ECDC9C357}.Release|x64.ActiveCfg = Release|x64
		{24381DDE-0EC5-41D5-9F1A-667ECDC9C357}.Release|x64.Build.0 = Release|x64
		{24381DDE-0EC5-41D5-9F1A-667ECDC9C357}.Release|x86.ActiveCfg = Release|Win32
		{24381DDE-0EC5-41D5-9F1A-667ECDC9C357}.Release|x86.Build.0 = Release|Win32
		{24381DDE-0EC5-41D5-9F1A-667ECDC9C357}.ReleaseMT|x64.ActiveCfg = ReleaseMT|x64
		{24381DDE-0EC5-41D5-9F1A-667ECDC9C357}.ReleaseMT|x64.Build.0 = ReleaseMT|x64
		{24381DDE-0EC5-41D5-9F1A-667ECDC9C357}.ReleaseMT|x86.ActiveCfg = ReleaseMT|Win32
		{24381DDE-0EC5-41D5-9F1A-667ECDC9C357}.ReleaseMT|x86.Build.0 = ReleaseMT|Win32
	EndGlobalSection
	GlobalSection(SolutionProperties) = preSolution
		HideSolutionNode = FALSE
	EndGlobalSection
	GlobalSection(ExtensibilityGlobals) = postSolution
		SolutionGuid = {F43995C9-1953-4EE8-BED1-A7894B9A525C}
	EndGlobalSection
EndGlobal
